
Microsoft Visual Studio Solution File, Format Version 12.00
# Visual Studio 14
VisualStudioVersion = 14.0.25420.1
MinimumVisualStudioVersion = 10.0.40219.1
Project("{E24C65DC-7377-472B-9ABA-BC803B73C61A}") = "Sito alberghi", ".", "{B942AFF1-0B4C-4BBE-B9EA-6C3041FBB708}"
	ProjectSection(WebsiteProperties) = preProject
		TargetFrameworkMoniker = ".NETFramework,Version%3Dv4.5"
		Debug.AspNetCompiler.VirtualPath = "/localhost_58205"
		Debug.AspNetCompiler.PhysicalPath = "..\..\..\..\Desktop\Sito alberghi\"
		Debug.AspNetCompiler.TargetPath = "PrecompiledWeb\localhost_58205\"
		Debug.AspNetCompiler.Updateable = "true"
		Debug.AspNetCompiler.ForceOverwrite = "true"
		Debug.AspNetCompiler.FixedNames = "false"
		Debug.AspNetCompiler.Debug = "True"
		Release.AspNetCompiler.VirtualPath = "/localhost_58205"
		Release.AspNetCompiler.PhysicalPath = "..\..\..\..\Desktop\Sito alberghi\"
		Release.AspNetCompiler.TargetPath = "PrecompiledWeb\localhost_58205\"
		Release.AspNetCompiler.Updateable = "true"
		Release.AspNetCompiler.ForceOverwrite = "true"
		Release.AspNetCompiler.FixedNames = "false"
		Release.AspNetCompiler.Debug = "False"
		VWDPort = "58205"
	EndProjectSection
EndProject
Global
	GlobalSection(SolutionConfigurationPlatforms) = preSolution
		Debug|Any CPU = Debug|Any CPU
	EndGlobalSection
	GlobalSection(ProjectConfigurationPlatforms) = postSolution
		{B942AFF1-0B4C-4BBE-B9EA-6C3041FBB708}.Debug|Any CPU.ActiveCfg = Debug|Any CPU
		{B942AFF1-0B4C-4BBE-B9EA-6C3041FBB708}.Debug|Any CPU.Build.0 = Debug|Any CPU
	EndGlobalSection
	GlobalSection(SolutionProperties) = preSolution
		HideSolutionNode = FALSE
	EndGlobalSection
EndGlobal
